
Microsoft Visual Studio Solution File, Format Version 12.00
# Visual Studio Version 16
VisualStudioVersion = 16.0.30406.217
MinimumVisualStudioVersion = 10.0.40219.1
Project("{FAE04EC0-301F-11D3-BF4B-00C04F79EFBC}") = "Nao Parse", "Nao Parse.csproj", "{F322AFA4-02A9-4643-8A1C-BE94797D4B33}"
EndProject
Global
	GlobalSection(SolutionConfigurationPlatforms) = preSolution
		Debug|Any CPU = Debug|Any CPU
		Release|Any CPU = Release|Any CPU
	EndGlobalSection
	GlobalSection(ProjectConfigurationPlatforms) = postSolution
		{F322AFA4-02A9-4643-8A1C-BE94797D4B33}.Debug|Any CPU.ActiveCfg = Debug|Any CPU
		{F322AFA4-02A9-4643-8A1C-BE94797D4B33}.Debug|Any CPU.Build.0 = Debug|Any CPU
		{F322AFA4-02A9-4643-8A1C-BE94797D4B33}.Release|Any CPU.ActiveCfg = Release|Any CPU
		{F322AFA4-02A9-4643-8A1C-BE94797D4B33}.Release|Any CPU.Build.0 = Release|Any CPU
	EndGlobalSection
	GlobalSection(SolutionProperties) = preSolution
		HideSolutionNode = FALSE
	EndGlobalSection
	GlobalSection(ExtensibilityGlobals) = postSolution
		SolutionGuid = {EBBBC709-752C-4AE1-A7AB-243E1B2ABEC4}
	EndGlobalSection
EndGlobal
